<?xml version="1.0" encoding="utf-8"?>
<Project ToolsVersion="4.0" xmlns="http://schemas.microsoft.com/developer/msbuild/2003">
  <ItemGroup>
    <Filter Include="源文件">
      <UniqueIdentifier>{4FC737F1-C7A5-4376-A066-2A32D752A2FF}</UniqueIdentifier>
      <Extensions>cpp;c;cc;cxx;def;odl;idl;hpj;bat;asm;asmx</Extensions>
    </Filter>
    <Filter Include="头文件">
      <UniqueIdentifier>{93995380-89BD-4b04-88EB-625FBE52EBFB}</UniqueIdentifier>
      <Extensions>h;hh;hpp;hxx;hm;inl;inc;ipp;xsd</Extensions>
    </Filter>
    <Filter Include="资源文件">
      <UniqueIdentifier>{67DA6AB6-F800-4c08-8B7A-83BB121AAD01}</UniqueIdentifier>
      <Extensions>rc;ico;cur;bmp;dlg;rc2;rct;bin;rgs;gif;jpg;jpeg;jpe;resx;tiff;tif;png;wav;mfcribbon-ms</Extensions>
    </Filter>
    <Filter Include="源文件\Generators">
      <UniqueIdentifier>{dfa8d13a-b310-49e0-b3db-632c22fd8954}</UniqueIdentifier>
    </Filter>
    <Filter Include="源文件\Mesh">
      <UniqueIdentifier>{3cee0d88-8cca-4ddc-87d4-54694c22e2cd}</UniqueIdentifier>
    </Filter>
    <Filter Include="源文件\Generators\Plants">
      <UniqueIdentifier>{eee3c128-5e30-4338-a35e-ffd6135f09db}</UniqueIdentifier>
    </Filter>
    <Filter Include="源文件\Noises">
      <UniqueIdentifier>{2c6c1a60-0b7e-4be1-9354-ab175c34725b}</UniqueIdentifier>
    </Filter>
    <Filter Include="源文件\Generators\TerrainGenerator">
      <UniqueIdentifier>{4c21d14f-e965-4095-b721-7f6ae1e10bef}</UniqueIdentifier>
    </Filter>
    <Filter Include="源文件\Terrain">
      <UniqueIdentifier>{81806a14-2f5a-4f3f-8a2d-9cd168c4caef}</UniqueIdentifier>
    </Filter>
    <Filter Include="源文件\Terrain\Painter">
      <UniqueIdentifier>{78158984-1b0d-4e9d-8c8a-c24fc2a58ccf}</UniqueIdentifier>
    </Filter>
    <Filter Include="源文件\MapGenerator">
      <UniqueIdentifier>{15a0836f-ed43-490e-9a8a-8d1208e1668d}</UniqueIdentifier>
    </Filter>
  </ItemGroup>
  <ItemGroup>
    <ClInclude Include="..\..\..\code\Generator\Mesh\UnityMesh.h">
      <Filter>源文件\Mesh</Filter>
    </ClInclude>
    <ClInclude Include="..\..\..\code\Generator\Generators\Plants\Plants.h">
      <Filter>源文件\Generators\Plants</Filter>
    </ClInclude>
    <ClInclude Include="..\..\..\code\Generator\Mesh\Mesh.h">
      <Filter>源文件\Mesh</Filter>
    </ClInclude>
    <ClInclude Include="..\..\..\code\Generator\Mesh\Triangle2D.h">
      <Filter>源文件\Mesh</Filter>
    </ClInclude>
    <ClInclude Include="..\..\..\code\Generator\Mesh\Vector2Lite.h">
      <Filter>源文件\Mesh</Filter>
    </ClInclude>
    <ClInclude Include="..\..\..\code\Generator\Mesh\Edge.h">
      <Filter>源文件\Mesh</Filter>
    </ClInclude>
    <ClInclude Include="..\..\..\code\Generator\Mesh\Delaunay.h">
      <Filter>源文件\Mesh</Filter>
    </ClInclude>
    <ClInclude Include="..\..\..\code\Generator\Noises\PerlinNoise.h">
      <Filter>源文件\Noises</Filter>
    </ClInclude>
    <ClInclude Include="..\..\..\code\Generator\Generators\TerrainGenerator\Mountain.h">
      <Filter>源文件\Generators\TerrainGenerator</Filter>
    </ClInclude>
    <ClInclude Include="..\..\..\code\Generator\Generators\TerrainGenerator\Diamond_Square.h">
      <Filter>源文件\Generators\TerrainGenerator</Filter>
    </ClInclude>
    <ClInclude Include="..\..\..\code\Generator\Terrain\Terrain.h">
      <Filter>源文件\Terrain</Filter>
    </ClInclude>
    <ClInclude Include="SplatPainter.h">
      <Filter>头文件</Filter>
    </ClInclude>
    <ClInclude Include="..\..\..\code\Generator\generator.h">
      <Filter>源文件</Filter>
    </ClInclude>
    <ClInclude Include="..\..\..\code\Generator\Terrain\Painter\SplatPainter.h">
      <Filter>源文件\Terrain\Painter</Filter>
    </ClInclude>
    <ClInclude Include="PainterBrush.h">
      <Filter>头文件</Filter>
    </ClInclude>
    <ClInclude Include="..\..\..\code\Generator\Terrain\Painter\PainterBrush.h">
      <Filter>源文件\Terrain\Painter</Filter>
    </ClInclude>
    <ClInclude Include="AutomaticPainter.h">
      <Filter>头文件</Filter>
    </ClInclude>
    <ClInclude Include="..\..\..\code\Generator\Terrain\Painter\AutomaticPainter.h">
      <Filter>源文件\Terrain\Painter</Filter>
    </ClInclude>
    <ClInclude Include="Painter.h">
      <Filter>头文件</Filter>
    </ClInclude>
    <ClInclude Include="..\..\..\code\Generator\Terrain\Painter\Painter.h">
      <Filter>源文件\Terrain\Painter</Filter>
    </ClInclude>
    <ClInclude Include="..\..\..\code\Generator\MapGenerator\MapGenerator.h">
      <Filter>源文件\MapGenerator</Filter>
    </ClInclude>
    <ClInclude Include="..\..\..\code\Utinities\safe_array.h">
      <Filter>源文件</Filter>
    </ClInclude>
  </ItemGroup>
  <ItemGroup>
    <ClCompile Include="..\..\..\code\Generator\Mesh\UnityMesh.cpp">
      <Filter>源文件\Mesh</Filter>
    </ClCompile>
    <ClCompile Include="..\..\..\code\Generator\Generators\TerrainGenerator\Diamond_Square.cpp">
      <Filter>源文件\Generators\TerrainGenerator</Filter>
    </ClCompile>
    <ClCompile Include="..\..\..\code\Generator\Generators\TerrainGenerator\Mountain.cpp">
      <Filter>源文件\Generators\TerrainGenerator</Filter>
    </ClCompile>
    <ClCompile Include="..\..\..\code\Generator\Terrain\Terrain.cpp">
      <Filter>源文件\Terrain</Filter>
    </ClCompile>
    <ClCompile Include="..\..\..\code\Generator\Terrain\Painter\SplatPainter.cpp">
      <Filter>源文件\Terrain\Painter</Filter>
    </ClCompile>
    <ClCompile Include="..\..\..\code\Generator\Terrain\Painter\PainterBrush.cpp">
      <Filter>源文件\Terrain\Painter</Filter>
    </ClCompile>
    <ClCompile Include="..\..\..\code\Generator\Terrain\Painter\AutomaticPainter.cpp">
      <Filter>源文件\Terrain\Painter</Filter>
    </ClCompile>
    <ClCompile Include="..\..\..\code\Generator\Terrain\Painter\Painter.cpp">
      <Filter>源文件\Terrain\Painter</Filter>
    </ClCompile>
    <ClCompile Include="..\..\..\code\Generator\MapGenerator\MapGenerator.cpp">
      <Filter>源文件\MapGenerator</Filter>
    </ClCompile>
    <ClCompile Include="..\..\..\code\Utinities\safe_array.cpp">
      <Filter>源文件</Filter>
    </ClCompile>
  </ItemGroup>
</Project>