
Microsoft Visual Studio Solution File, Format Version 12.00
# Visual Studio 15
VisualStudioVersion = 15.0.27428.2005
MinimumVisualStudioVersion = 10.0.40219.1
Project("{8BC9CEB8-8B4A-11D0-8D11-00A0C91BC942}") = "cppLibs", "cppLibs\cppLibs.vcxproj", "{4676FA69-9BD3-4CA5-847A-DBAD80E5F290}"
EndProject
Project("{8BC9CEB8-8B4A-11D0-8D11-00A0C91BC942}") = "g3dlite", "g3dlite\g3dlite.vcxproj", "{0033A2A2-8D2B-472C-BFBB-8326B06B7EAF}"
EndProject
Project("{8BC9CEB8-8B4A-11D0-8D11-00A0C91BC942}") = "Proto", "Proto\Proto.vcxproj", "{29103B86-3CF7-4010-BF7C-5BDAEF308CCD}"
EndProject
Project("{8BC9CEB8-8B4A-11D0-8D11-00A0C91BC942}") = "Network", "Network\Network.vcxproj", "{9834B7F4-BBBC-4516-AFFB-5AB0CBAF50A3}"
EndProject
Project("{8BC9CEB8-8B4A-11D0-8D11-00A0C91BC942}") = "Test", "Test\Test.vcxproj", "{6C1746DF-DB16-4C73-B62D-A778FF2AE9AC}"
EndProject
Global
	GlobalSection(SolutionConfigurationPlatforms) = preSolution
		Debug|x64 = Debug|x64
		Debug|x86 = Debug|x86
		Release|x64 = Release|x64
		Release|x86 = Release|x86
	EndGlobalSection
	GlobalSection(ProjectConfigurationPlatforms) = postSolution
		{4676FA69-9BD3-4CA5-847A-DBAD80E5F290}.Debug|x64.ActiveCfg = Debug|x64
		{4676FA69-9BD3-4CA5-847A-DBAD80E5F290}.Debug|x64.Build.0 = Debug|x64
		{4676FA69-9BD3-4CA5-847A-DBAD80E5F290}.Debug|x86.ActiveCfg = Debug|Win32
		{4676FA69-9BD3-4CA5-847A-DBAD80E5F290}.Debug|x86.Build.0 = Debug|Win32
		{4676FA69-9BD3-4CA5-847A-DBAD80E5F290}.Release|x64.ActiveCfg = Release|x64
		{4676FA69-9BD3-4CA5-847A-DBAD80E5F290}.Release|x64.Build.0 = Release|x64
		{4676FA69-9BD3-4CA5-847A-DBAD80E5F290}.Release|x86.ActiveCfg = Release|Win32
		{4676FA69-9BD3-4CA5-847A-DBAD80E5F290}.Release|x86.Build.0 = Release|Win32
		{0033A2A2-8D2B-472C-BFBB-8326B06B7EAF}.Debug|x64.ActiveCfg = Debug|x64
		{0033A2A2-8D2B-472C-BFBB-8326B06B7EAF}.Debug|x64.Build.0 = Debug|x64
		{0033A2A2-8D2B-472C-BFBB-8326B06B7EAF}.Debug|x86.ActiveCfg = Debug|Win32
		{0033A2A2-8D2B-472C-BFBB-8326B06B7EAF}.Debug|x86.Build.0 = Debug|Win32
		{0033A2A2-8D2B-472C-BFBB-8326B06B7EAF}.Release|x64.ActiveCfg = Release|x64
		{0033A2A2-8D2B-472C-BFBB-8326B06B7EAF}.Release|x64.Build.0 = Release|x64
		{0033A2A2-8D2B-472C-BFBB-8326B06B7EAF}.Release|x86.ActiveCfg = Release|Win32
		{0033A2A2-8D2B-472C-BFBB-8326B06B7EAF}.Release|x86.Build.0 = Release|Win32
		{29103B86-3CF7-4010-BF7C-5BDAEF308CCD}.Debug|x64.ActiveCfg = Debug|x64
		{29103B86-3CF7-4010-BF7C-5BDAEF308CCD}.Debug|x64.Build.0 = Debug|x64
		{29103B86-3CF7-4010-BF7C-5BDAEF308CCD}.Debug|x86.ActiveCfg = Debug|Win32
		{29103B86-3CF7-4010-BF7C-5BDAEF308CCD}.Debug|x86.Build.0 = Debug|Win32
		{29103B86-3CF7-4010-BF7C-5BDAEF308CCD}.Release|x64.ActiveCfg = Release|x64
		{29103B86-3CF7-4010-BF7C-5BDAEF308CCD}.Release|x64.Build.0 = Release|x64
		{29103B86-3CF7-4010-BF7C-5BDAEF308CCD}.Release|x86.ActiveCfg = Release|Win32
		{29103B86-3CF7-4010-BF7C-5BDAEF308CCD}.Release|x86.Build.0 = Release|Win32
		{9834B7F4-BBBC-4516-AFFB-5AB0CBAF50A3}.Debug|x64.ActiveCfg = Debug|x64
		{9834B7F4-BBBC-4516-AFFB-5AB0CBAF50A3}.Debug|x64.Build.0 = Debug|x64
		{9834B7F4-BBBC-4516-AFFB-5AB0CBAF50A3}.Debug|x86.ActiveCfg = Debug|Win32
		{9834B7F4-BBBC-4516-AFFB-5AB0CBAF50A3}.Debug|x86.Build.0 = Debug|Win32
		{9834B7F4-BBBC-4516-AFFB-5AB0CBAF50A3}.Release|x64.ActiveCfg = Release|x64
		{9834B7F4-BBBC-4516-AFFB-5AB0CBAF50A3}.Release|x64.Build.0 = Release|x64
		{9834B7F4-BBBC-4516-AFFB-5AB0CBAF50A3}.Release|x86.ActiveCfg = Release|Win32
		{9834B7F4-BBBC-4516-AFFB-5AB0CBAF50A3}.Release|x86.Build.0 = Release|Win32
		{6C1746DF-DB16-4C73-B62D-A778FF2AE9AC}.Debug|x64.ActiveCfg = Debug|x64
		{6C1746DF-DB16-4C73-B62D-A778FF2AE9AC}.Debug|x64.Build.0 = Debug|x64
		{6C1746DF-DB16-4C73-B62D-A778FF2AE9AC}.Debug|x86.ActiveCfg = Debug|Win32
		{6C1746DF-DB16-4C73-B62D-A778FF2AE9AC}.Debug|x86.Build.0 = Debug|Win32
		{6C1746DF-DB16-4C73-B62D-A778FF2AE9AC}.Release|x64.ActiveCfg = Release|x64
		{6C1746DF-DB16-4C73-B62D-A778FF2AE9AC}.Release|x64.Build.0 = Release|x64
		{6C1746DF-DB16-4C73-B62D-A778FF2AE9AC}.Release|x86.ActiveCfg = Release|Win32
		{6C1746DF-DB16-4C73-B62D-A778FF2AE9AC}.Release|x86.Build.0 = Release|Win32
	EndGlobalSection
	GlobalSection(SolutionProperties) = preSolution
		HideSolutionNode = FALSE
	EndGlobalSection
	GlobalSection(ExtensibilityGlobals) = postSolution
		SolutionGuid = {B4F2E741-BC6A-448A-B266-DC5423C6B08C}
	EndGlobalSection
EndGlobal
