
Microsoft Visual Studio Solution File, Format Version 12.00
# Visual Studio 15
VisualStudioVersion = 15.0.27428.2005
MinimumVisualStudioVersion = 10.0.40219.1
Project("{8BC9CEB8-8B4A-11D0-8D11-00A0C91BC942}") = "cppLibs", "cppLibs\cppLibs.vcxproj", "{4676FA69-9BD3-4CA5-847A-DBAD80E5F290}"
	ProjectSection(ProjectDependencies) = postProject
		{022D67B6-9188-4D52-9B09-CB21241E1028} = {022D67B6-9188-4D52-9B09-CB21241E1028}
	EndProjectSection
EndProject
Project("{8BC9CEB8-8B4A-11D0-8D11-00A0C91BC942}") = "g3dlite", "g3dlite\g3dlite.vcxproj", "{0033A2A2-8D2B-472C-BFBB-8326B06B7EAF}"
EndProject
Project("{8BC9CEB8-8B4A-11D0-8D11-00A0C91BC942}") = "Proto", "Proto\Proto.vcxproj", "{29103B86-3CF7-4010-BF7C-5BDAEF308CCD}"
EndProject
Project("{8BC9CEB8-8B4A-11D0-8D11-00A0C91BC942}") = "Network", "Network\Network.vcxproj", "{9834B7F4-BBBC-4516-AFFB-5AB0CBAF50A3}"
EndProject
Project("{8BC9CEB8-8B4A-11D0-8D11-00A0C91BC942}") = "Test", "Test\Test.vcxproj", "{6C1746DF-DB16-4C73-B62D-A778FF2AE9AC}"
EndProject
Project("{8BC9CEB8-8B4A-11D0-8D11-00A0C91BC942}") = "Logger", "Logger\Logger\Logger.vcxproj", "{35EDF0D3-5175-4FDF-9C39-48894D61472C}"
EndProject
Project("{8BC9CEB8-8B4A-11D0-8D11-00A0C91BC942}") = "TestClient", "TestClient\TestClient.vcxproj", "{0FBA9C02-507F-49F6-AF91-367807D409BC}"
EndProject
Project("{8BC9CEB8-8B4A-11D0-8D11-00A0C91BC942}") = "game", "game\game.vcxproj", "{9302B8F8-37C9-4178-9892-93B45A00A6F1}"
EndProject
Project("{8BC9CEB8-8B4A-11D0-8D11-00A0C91BC942}") = "ecs", "ecs\ecs.vcxproj", "{702436E0-DEF3-4DC6-8922-F9CB0D085588}"
EndProject
Project("{8BC9CEB8-8B4A-11D0-8D11-00A0C91BC942}") = "generator", "generator\generator.vcxproj", "{022D67B6-9188-4D52-9B09-CB21241E1028}"
EndProject
Project("{8BC9CEB8-8B4A-11D0-8D11-00A0C91BC942}") = "server", "server\server.vcxproj", "{69385A10-CBE8-418C-8CBE-95F7FF17064D}"
EndProject
Project("{8BC9CEB8-8B4A-11D0-8D11-00A0C91BC942}") = "Client", "Client\Client.vcxproj", "{52091809-CECA-444A-9FB7-1B302FE950D3}"
	ProjectSection(ProjectDependencies) = postProject
		{78FBF932-D43C-405E-8144-DFC9AEF43094} = {78FBF932-D43C-405E-8144-DFC9AEF43094}
	EndProjectSection
EndProject
Project("{8BC9CEB8-8B4A-11D0-8D11-00A0C91BC942}") = "WorldChatServer", "WorldChatServer\WorldChatServer.vcxproj", "{12E6181C-A796-4DCF-96F1-01DBD84C157C}"
EndProject
Project("{8BC9CEB8-8B4A-11D0-8D11-00A0C91BC942}") = "Threading", "Threading\Threading.vcxproj", "{78FBF932-D43C-405E-8144-DFC9AEF43094}"
EndProject
Global
	GlobalSection(SolutionConfigurationPlatforms) = preSolution
		Debug|x64 = Debug|x64
		Debug|x86 = Debug|x86
		Release|x64 = Release|x64
		Release|x86 = Release|x86
	EndGlobalSection
	GlobalSection(ProjectConfigurationPlatforms) = postSolution
		{4676FA69-9BD3-4CA5-847A-DBAD80E5F290}.Debug|x64.ActiveCfg = Debug|x64
		{4676FA69-9BD3-4CA5-847A-DBAD80E5F290}.Debug|x64.Build.0 = Debug|x64
		{4676FA69-9BD3-4CA5-847A-DBAD80E5F290}.Debug|x86.ActiveCfg = Debug|Win32
		{4676FA69-9BD3-4CA5-847A-DBAD80E5F290}.Debug|x86.Build.0 = Debug|Win32
		{4676FA69-9BD3-4CA5-847A-DBAD80E5F290}.Release|x64.ActiveCfg = Release|x64
		{4676FA69-9BD3-4CA5-847A-DBAD80E5F290}.Release|x64.Build.0 = Release|x64
		{4676FA69-9BD3-4CA5-847A-DBAD80E5F290}.Release|x86.ActiveCfg = Debug|Win32
		{4676FA69-9BD3-4CA5-847A-DBAD80E5F290}.Release|x86.Build.0 = Debug|Win32
		{0033A2A2-8D2B-472C-BFBB-8326B06B7EAF}.Debug|x64.ActiveCfg = Debug|x64
		{0033A2A2-8D2B-472C-BFBB-8326B06B7EAF}.Debug|x64.Build.0 = Debug|x64
		{0033A2A2-8D2B-472C-BFBB-8326B06B7EAF}.Debug|x86.ActiveCfg = Debug|x64
		{0033A2A2-8D2B-472C-BFBB-8326B06B7EAF}.Debug|x86.Build.0 = Debug|x64
		{0033A2A2-8D2B-472C-BFBB-8326B06B7EAF}.Release|x64.ActiveCfg = Release|x64
		{0033A2A2-8D2B-472C-BFBB-8326B06B7EAF}.Release|x64.Build.0 = Release|x64
		{0033A2A2-8D2B-472C-BFBB-8326B06B7EAF}.Release|x86.ActiveCfg = Debug|x64
		{0033A2A2-8D2B-472C-BFBB-8326B06B7EAF}.Release|x86.Build.0 = Debug|x64
		{29103B86-3CF7-4010-BF7C-5BDAEF308CCD}.Debug|x64.ActiveCfg = Debug|x64
		{29103B86-3CF7-4010-BF7C-5BDAEF308CCD}.Debug|x64.Build.0 = Debug|x64
		{29103B86-3CF7-4010-BF7C-5BDAEF308CCD}.Debug|x86.ActiveCfg = Debug|x64
		{29103B86-3CF7-4010-BF7C-5BDAEF308CCD}.Debug|x86.Build.0 = Debug|x64
		{29103B86-3CF7-4010-BF7C-5BDAEF308CCD}.Release|x64.ActiveCfg = Release|x64
		{29103B86-3CF7-4010-BF7C-5BDAEF308CCD}.Release|x64.Build.0 = Release|x64
		{29103B86-3CF7-4010-BF7C-5BDAEF308CCD}.Release|x86.ActiveCfg = Debug|x64
		{29103B86-3CF7-4010-BF7C-5BDAEF308CCD}.Release|x86.Build.0 = Debug|x64
		{9834B7F4-BBBC-4516-AFFB-5AB0CBAF50A3}.Debug|x64.ActiveCfg = Debug|x64
		{9834B7F4-BBBC-4516-AFFB-5AB0CBAF50A3}.Debug|x64.Build.0 = Debug|x64
		{9834B7F4-BBBC-4516-AFFB-5AB0CBAF50A3}.Debug|x86.ActiveCfg = Debug|x64
		{9834B7F4-BBBC-4516-AFFB-5AB0CBAF50A3}.Debug|x86.Build.0 = Debug|x64
		{9834B7F4-BBBC-4516-AFFB-5AB0CBAF50A3}.Release|x64.ActiveCfg = Release|x64
		{9834B7F4-BBBC-4516-AFFB-5AB0CBAF50A3}.Release|x64.Build.0 = Release|x64
		{9834B7F4-BBBC-4516-AFFB-5AB0CBAF50A3}.Release|x86.ActiveCfg = Debug|x64
		{9834B7F4-BBBC-4516-AFFB-5AB0CBAF50A3}.Release|x86.Build.0 = Debug|x64
		{6C1746DF-DB16-4C73-B62D-A778FF2AE9AC}.Debug|x64.ActiveCfg = Debug|x64
		{6C1746DF-DB16-4C73-B62D-A778FF2AE9AC}.Debug|x64.Build.0 = Debug|x64
		{6C1746DF-DB16-4C73-B62D-A778FF2AE9AC}.Debug|x86.ActiveCfg = Debug|x64
		{6C1746DF-DB16-4C73-B62D-A778FF2AE9AC}.Debug|x86.Build.0 = Debug|x64
		{6C1746DF-DB16-4C73-B62D-A778FF2AE9AC}.Release|x64.ActiveCfg = Release|x64
		{6C1746DF-DB16-4C73-B62D-A778FF2AE9AC}.Release|x64.Build.0 = Release|x64
		{6C1746DF-DB16-4C73-B62D-A778FF2AE9AC}.Release|x86.ActiveCfg = Debug|x64
		{6C1746DF-DB16-4C73-B62D-A778FF2AE9AC}.Release|x86.Build.0 = Debug|x64
		{35EDF0D3-5175-4FDF-9C39-48894D61472C}.Debug|x64.ActiveCfg = Debug|x64
		{35EDF0D3-5175-4FDF-9C39-48894D61472C}.Debug|x64.Build.0 = Debug|x64
		{35EDF0D3-5175-4FDF-9C39-48894D61472C}.Debug|x86.ActiveCfg = Debug|x64
		{35EDF0D3-5175-4FDF-9C39-48894D61472C}.Debug|x86.Build.0 = Debug|x64
		{35EDF0D3-5175-4FDF-9C39-48894D61472C}.Release|x64.ActiveCfg = Release|x64
		{35EDF0D3-5175-4FDF-9C39-48894D61472C}.Release|x64.Build.0 = Release|x64
		{35EDF0D3-5175-4FDF-9C39-48894D61472C}.Release|x86.ActiveCfg = Debug|x64
		{35EDF0D3-5175-4FDF-9C39-48894D61472C}.Release|x86.Build.0 = Debug|x64
		{0FBA9C02-507F-49F6-AF91-367807D409BC}.Debug|x64.ActiveCfg = Debug|x64
		{0FBA9C02-507F-49F6-AF91-367807D409BC}.Debug|x64.Build.0 = Debug|x64
		{0FBA9C02-507F-49F6-AF91-367807D409BC}.Debug|x86.ActiveCfg = Debug|x64
		{0FBA9C02-507F-49F6-AF91-367807D409BC}.Debug|x86.Build.0 = Debug|x64
		{0FBA9C02-507F-49F6-AF91-367807D409BC}.Release|x64.ActiveCfg = Release|x64
		{0FBA9C02-507F-49F6-AF91-367807D409BC}.Release|x64.Build.0 = Release|x64
		{0FBA9C02-507F-49F6-AF91-367807D409BC}.Release|x86.ActiveCfg = Debug|x64
		{0FBA9C02-507F-49F6-AF91-367807D409BC}.Release|x86.Build.0 = Debug|x64
		{9302B8F8-37C9-4178-9892-93B45A00A6F1}.Debug|x64.ActiveCfg = Debug|x64
		{9302B8F8-37C9-4178-9892-93B45A00A6F1}.Debug|x64.Build.0 = Debug|x64
		{9302B8F8-37C9-4178-9892-93B45A00A6F1}.Debug|x86.ActiveCfg = Debug|x64
		{9302B8F8-37C9-4178-9892-93B45A00A6F1}.Debug|x86.Build.0 = Debug|x64
		{9302B8F8-37C9-4178-9892-93B45A00A6F1}.Release|x64.ActiveCfg = Release|x64
		{9302B8F8-37C9-4178-9892-93B45A00A6F1}.Release|x64.Build.0 = Release|x64
		{9302B8F8-37C9-4178-9892-93B45A00A6F1}.Release|x86.ActiveCfg = Debug|x64
		{9302B8F8-37C9-4178-9892-93B45A00A6F1}.Release|x86.Build.0 = Debug|x64
		{702436E0-DEF3-4DC6-8922-F9CB0D085588}.Debug|x64.ActiveCfg = Debug|x64
		{702436E0-DEF3-4DC6-8922-F9CB0D085588}.Debug|x64.Build.0 = Debug|x64
		{702436E0-DEF3-4DC6-8922-F9CB0D085588}.Debug|x86.ActiveCfg = Debug|x64
		{702436E0-DEF3-4DC6-8922-F9CB0D085588}.Debug|x86.Build.0 = Debug|x64
		{702436E0-DEF3-4DC6-8922-F9CB0D085588}.Release|x64.ActiveCfg = Release|x64
		{702436E0-DEF3-4DC6-8922-F9CB0D085588}.Release|x64.Build.0 = Release|x64
		{702436E0-DEF3-4DC6-8922-F9CB0D085588}.Release|x86.ActiveCfg = Debug|x64
		{702436E0-DEF3-4DC6-8922-F9CB0D085588}.Release|x86.Build.0 = Debug|x64
		{022D67B6-9188-4D52-9B09-CB21241E1028}.Debug|x64.ActiveCfg = Debug|x64
		{022D67B6-9188-4D52-9B09-CB21241E1028}.Debug|x64.Build.0 = Debug|x64
		{022D67B6-9188-4D52-9B09-CB21241E1028}.Debug|x86.ActiveCfg = Debug|x64
		{022D67B6-9188-4D52-9B09-CB21241E1028}.Debug|x86.Build.0 = Debug|x64
		{022D67B6-9188-4D52-9B09-CB21241E1028}.Release|x64.ActiveCfg = Release|x64
		{022D67B6-9188-4D52-9B09-CB21241E1028}.Release|x64.Build.0 = Release|x64
		{022D67B6-9188-4D52-9B09-CB21241E1028}.Release|x86.ActiveCfg = Debug|x64
		{022D67B6-9188-4D52-9B09-CB21241E1028}.Release|x86.Build.0 = Debug|x64
		{69385A10-CBE8-418C-8CBE-95F7FF17064D}.Debug|x64.ActiveCfg = Debug|x64
		{69385A10-CBE8-418C-8CBE-95F7FF17064D}.Debug|x64.Build.0 = Debug|x64
		{69385A10-CBE8-418C-8CBE-95F7FF17064D}.Debug|x86.ActiveCfg = Debug|x64
		{69385A10-CBE8-418C-8CBE-95F7FF17064D}.Debug|x86.Build.0 = Debug|x64
		{69385A10-CBE8-418C-8CBE-95F7FF17064D}.Release|x64.ActiveCfg = Release|x64
		{69385A10-CBE8-418C-8CBE-95F7FF17064D}.Release|x64.Build.0 = Release|x64
		{69385A10-CBE8-418C-8CBE-95F7FF17064D}.Release|x86.ActiveCfg = Debug|x64
		{69385A10-CBE8-418C-8CBE-95F7FF17064D}.Release|x86.Build.0 = Debug|x64
		{52091809-CECA-444A-9FB7-1B302FE950D3}.Debug|x64.ActiveCfg = Debug|x64
		{52091809-CECA-444A-9FB7-1B302FE950D3}.Debug|x64.Build.0 = Debug|x64
		{52091809-CECA-444A-9FB7-1B302FE950D3}.Debug|x86.ActiveCfg = Debug|x64
		{52091809-CECA-444A-9FB7-1B302FE950D3}.Debug|x86.Build.0 = Debug|x64
		{52091809-CECA-444A-9FB7-1B302FE950D3}.Release|x64.ActiveCfg = Release|x64
		{52091809-CECA-444A-9FB7-1B302FE950D3}.Release|x64.Build.0 = Release|x64
		{52091809-CECA-444A-9FB7-1B302FE950D3}.Release|x86.ActiveCfg = Debug|x64
		{52091809-CECA-444A-9FB7-1B302FE950D3}.Release|x86.Build.0 = Debug|x64
		{12E6181C-A796-4DCF-96F1-01DBD84C157C}.Debug|x64.ActiveCfg = Debug|x64
		{12E6181C-A796-4DCF-96F1-01DBD84C157C}.Debug|x64.Build.0 = Debug|x64
		{12E6181C-A796-4DCF-96F1-01DBD84C157C}.Debug|x86.ActiveCfg = Debug|x64
		{12E6181C-A796-4DCF-96F1-01DBD84C157C}.Debug|x86.Build.0 = Debug|x64
		{12E6181C-A796-4DCF-96F1-01DBD84C157C}.Release|x64.ActiveCfg = Release|x64
		{12E6181C-A796-4DCF-96F1-01DBD84C157C}.Release|x64.Build.0 = Release|x64
		{12E6181C-A796-4DCF-96F1-01DBD84C157C}.Release|x86.ActiveCfg = Debug|x64
		{12E6181C-A796-4DCF-96F1-01DBD84C157C}.Release|x86.Build.0 = Debug|x64
		{78FBF932-D43C-405E-8144-DFC9AEF43094}.Debug|x64.ActiveCfg = Debug|x64
		{78FBF932-D43C-405E-8144-DFC9AEF43094}.Debug|x64.Build.0 = Debug|x64
		{78FBF932-D43C-405E-8144-DFC9AEF43094}.Debug|x86.ActiveCfg = Debug|Win32
		{78FBF932-D43C-405E-8144-DFC9AEF43094}.Debug|x86.Build.0 = Debug|Win32
		{78FBF932-D43C-405E-8144-DFC9AEF43094}.Release|x64.ActiveCfg = Release|x64
		{78FBF932-D43C-405E-8144-DFC9AEF43094}.Release|x64.Build.0 = Release|x64
		{78FBF932-D43C-405E-8144-DFC9AEF43094}.Release|x86.ActiveCfg = Release|Win32
		{78FBF932-D43C-405E-8144-DFC9AEF43094}.Release|x86.Build.0 = Release|Win32
	EndGlobalSection
	GlobalSection(SolutionProperties) = preSolution
		HideSolutionNode = FALSE
	EndGlobalSection
	GlobalSection(ExtensibilityGlobals) = postSolution
		SolutionGuid = {B4F2E741-BC6A-448A-B266-DC5423C6B08C}
	EndGlobalSection
EndGlobal
